
Microsoft Visual Studio Solution File, Format Version 12.00
# Visual Studio 15
VisualStudioVersion = 15.0.26228.9
MinimumVisualStudioVersion = 10.0.40219.1
Project("{9A19103F-16F7-4668-BE54-9A1E7A4F7552}") = "AspnetcoreAngular2SpaMaterial", "AspnetcoreAngular2SpaMaterial.csproj", "{2B570DB0-3ECF-49D9-9722-CB51ED758B8E}"
EndProject
Global
	GlobalSection(SolutionConfigurationPlatforms) = preSolution
		Debug|Any CPU = Debug|Any CPU
		Release|Any CPU = Release|Any CPU
	EndGlobalSection
	GlobalSection(ProjectConfigurationPlatforms) = postSolution
		{2B570DB0-3ECF-49D9-9722-CB51ED758B8E}.Debug|Any CPU.ActiveCfg = Debug|Any CPU
		{2B570DB0-3ECF-49D9-9722-CB51ED758B8E}.Debug|Any CPU.Build.0 = Debug|Any CPU
		{2B570DB0-3ECF-49D9-9722-CB51ED758B8E}.Release|Any CPU.ActiveCfg = Release|Any CPU
		{2B570DB0-3ECF-49D9-9722-CB51ED758B8E}.Release|Any CPU.Build.0 = Release|Any CPU
	EndGlobalSection
	GlobalSection(SolutionProperties) = preSolution
		HideSolutionNode = FALSE
	EndGlobalSection
EndGlobal
